
Microsoft Visual Studio Solution File, Format Version 12.00
# Visual Studio 2012
Project("{FAE04EC0-301F-11D3-BF4B-00C04F79EFBC}") = "ITAG_HBS", "ITAG_HBS\ITAG_HBS.csproj", "{8EBC524B-6929-4579-80BA-6972C5462F11}"
EndProject
Global
	GlobalSection(SolutionConfigurationPlatforms) = preSolution
		Debug|iPhoneSimulator = Debug|iPhoneSimulator
		Release|iPhone = Release|iPhone
		Release|iPhoneSimulator = Release|iPhoneSimulator
		Debug|iPhone = Debug|iPhone
	EndGlobalSection
	GlobalSection(ProjectConfigurationPlatforms) = postSolution
		{8EBC524B-6929-4579-80BA-6972C5462F11}.Debug|iPhoneSimulator.ActiveCfg = Debug|iPhoneSimulator
		{8EBC524B-6929-4579-80BA-6972C5462F11}.Debug|iPhoneSimulator.Build.0 = Debug|iPhoneSimulator
		{8EBC524B-6929-4579-80BA-6972C5462F11}.Release|iPhone.ActiveCfg = Release|iPhone
		{8EBC524B-6929-4579-80BA-6972C5462F11}.Release|iPhone.Build.0 = Release|iPhone
		{8EBC524B-6929-4579-80BA-6972C5462F11}.Release|iPhoneSimulator.ActiveCfg = Release|iPhoneSimulator
		{8EBC524B-6929-4579-80BA-6972C5462F11}.Release|iPhoneSimulator.Build.0 = Release|iPhoneSimulator
		{8EBC524B-6929-4579-80BA-6972C5462F11}.Debug|iPhone.ActiveCfg = Debug|iPhone
		{8EBC524B-6929-4579-80BA-6972C5462F11}.Debug|iPhone.Build.0 = Debug|iPhone
	EndGlobalSection
EndGlobal
